
Microsoft Visual Studio Solution File, Format Version 12.00
# Visual Studio 2015
Project("{FAE04EC0-301F-11D3-BF4B-00C04F79EFBC}") = "FleetCommandMonkey.CSharp", "FleetCommandMonkey.CSharp.csproj", "{6EBC43F1-3C91-6E3B-BF98-9DE257D8D7ED}"
EndProject
Global
	GlobalSection(SolutionConfigurationPlatforms) = preSolution
		Debug|Any CPU = Debug|Any CPU
		Release|Any CPU = Release|Any CPU
	EndGlobalSection
	GlobalSection(ProjectConfigurationPlatforms) = postSolution
		{6EBC43F1-3C91-6E3B-BF98-9DE257D8D7ED}.Debug|Any CPU.ActiveCfg = Debug|Any CPU
		{6EBC43F1-3C91-6E3B-BF98-9DE257D8D7ED}.Debug|Any CPU.Build.0 = Debug|Any CPU
		{6EBC43F1-3C91-6E3B-BF98-9DE257D8D7ED}.Release|Any CPU.ActiveCfg = Release|Any CPU
		{6EBC43F1-3C91-6E3B-BF98-9DE257D8D7ED}.Release|Any CPU.Build.0 = Release|Any CPU
	EndGlobalSection
	GlobalSection(SolutionProperties) = preSolution
		HideSolutionNode = FALSE
	EndGlobalSection
EndGlobal
